
Microsoft Visual Studio Solution File, Format Version 12.00
# Visual Studio Version 16
VisualStudioVersion = 16.0.34114.132
MinimumVisualStudioVersion = 10.0.40219.1
Project("{FAE04EC0-301F-11D3-BF4B-00C04F79EFBC}") = "Interfaz", "Interfaz\Interfaz.csproj", "{12B7C7F0-BF64-443B-AEDE-401F933C7534}"
EndProject
Project("{FAE04EC0-301F-11D3-BF4B-00C04F79EFBC}") = "Modelo", "Modelo\Modelo.csproj", "{6F9469E9-1E12-4938-BC94-A1DAE2D1623B}"
EndProject
Project("{FAE04EC0-301F-11D3-BF4B-00C04F79EFBC}") = "DataBase", "DataBase\DataBase.csproj", "{5F81CF48-1809-4495-8BF8-01D70F4F52AD}"
EndProject
Project("{FAE04EC0-301F-11D3-BF4B-00C04F79EFBC}") = "DataAccessLayer", "DataAccessLayer\DataAccessLayer.csproj", "{75F6092B-41F9-4AD2-B0C4-55D88E2A830C}"
EndProject
Project("{FAE04EC0-301F-11D3-BF4B-00C04F79EFBC}") = "BusinessLogicLayer", "BusinessLogicLayer\BusinessLogicLayer.csproj", "{130F1EE4-738F-4562-949E-C2DB6E17A147}"
EndProject
Global
	GlobalSection(SolutionConfigurationPlatforms) = preSolution
		Debug|Any CPU = Debug|Any CPU
		Release|Any CPU = Release|Any CPU
	EndGlobalSection
	GlobalSection(ProjectConfigurationPlatforms) = postSolution
		{12B7C7F0-BF64-443B-AEDE-401F933C7534}.Debug|Any CPU.ActiveCfg = Debug|Any CPU
		{12B7C7F0-BF64-443B-AEDE-401F933C7534}.Debug|Any CPU.Build.0 = Debug|Any CPU
		{12B7C7F0-BF64-443B-AEDE-401F933C7534}.Release|Any CPU.ActiveCfg = Release|Any CPU
		{12B7C7F0-BF64-443B-AEDE-401F933C7534}.Release|Any CPU.Build.0 = Release|Any CPU
		{6F9469E9-1E12-4938-BC94-A1DAE2D1623B}.Debug|Any CPU.ActiveCfg = Debug|Any CPU
		{6F9469E9-1E12-4938-BC94-A1DAE2D1623B}.Debug|Any CPU.Build.0 = Debug|Any CPU
		{6F9469E9-1E12-4938-BC94-A1DAE2D1623B}.Release|Any CPU.ActiveCfg = Release|Any CPU
		{6F9469E9-1E12-4938-BC94-A1DAE2D1623B}.Release|Any CPU.Build.0 = Release|Any CPU
		{5F81CF48-1809-4495-8BF8-01D70F4F52AD}.Debug|Any CPU.ActiveCfg = Debug|Any CPU
		{5F81CF48-1809-4495-8BF8-01D70F4F52AD}.Debug|Any CPU.Build.0 = Debug|Any CPU
		{5F81CF48-1809-4495-8BF8-01D70F4F52AD}.Release|Any CPU.ActiveCfg = Release|Any CPU
		{5F81CF48-1809-4495-8BF8-01D70F4F52AD}.Release|Any CPU.Build.0 = Release|Any CPU
		{75F6092B-41F9-4AD2-B0C4-55D88E2A830C}.Debug|Any CPU.ActiveCfg = Debug|Any CPU
		{75F6092B-41F9-4AD2-B0C4-55D88E2A830C}.Debug|Any CPU.Build.0 = Debug|Any CPU
		{75F6092B-41F9-4AD2-B0C4-55D88E2A830C}.Release|Any CPU.ActiveCfg = Release|Any CPU
		{75F6092B-41F9-4AD2-B0C4-55D88E2A830C}.Release|Any CPU.Build.0 = Release|Any CPU
		{130F1EE4-738F-4562-949E-C2DB6E17A147}.Debug|Any CPU.ActiveCfg = Debug|Any CPU
		{130F1EE4-738F-4562-949E-C2DB6E17A147}.Debug|Any CPU.Build.0 = Debug|Any CPU
		{130F1EE4-738F-4562-949E-C2DB6E17A147}.Release|Any CPU.ActiveCfg = Release|Any CPU
		{130F1EE4-738F-4562-949E-C2DB6E17A147}.Release|Any CPU.Build.0 = Release|Any CPU
	EndGlobalSection
	GlobalSection(SolutionProperties) = preSolution
		HideSolutionNode = FALSE
	EndGlobalSection
	GlobalSection(ExtensibilityGlobals) = postSolution
		SolutionGuid = {A5261404-8F5D-48C1-97C6-8F921847A218}
	EndGlobalSection
EndGlobal
